
Microsoft Visual Studio Solution File, Format Version 12.00
# Visual Studio 15
VisualStudioVersion = 15.0.28010.2036
MinimumVisualStudioVersion = 10.0.40219.1
Project("{9A19103F-16F7-4668-BE54-9A1E7A4F7556}") = "NetConference2018", "NetConference2018\NetConference2018.csproj", "{30C32D74-6DC8-48AC-8F4B-2E5A2522B9DC}"
EndProject
Project("{FAE04EC0-301F-11D3-BF4B-00C04F79EFBC}") = "NetConference.Utils", "NetConference.Utils\NetConference.Utils.csproj", "{FEDB6619-A1A1-4A94-AC18-70DFC81F8F16}"
EndProject
Global
	GlobalSection(SolutionConfigurationPlatforms) = preSolution
		Debug|Any CPU = Debug|Any CPU
		Release|Any CPU = Release|Any CPU
	EndGlobalSection
	GlobalSection(ProjectConfigurationPlatforms) = postSolution
		{30C32D74-6DC8-48AC-8F4B-2E5A2522B9DC}.Debug|Any CPU.ActiveCfg = Debug|Any CPU
		{30C32D74-6DC8-48AC-8F4B-2E5A2522B9DC}.Debug|Any CPU.Build.0 = Debug|Any CPU
		{30C32D74-6DC8-48AC-8F4B-2E5A2522B9DC}.Release|Any CPU.ActiveCfg = Release|Any CPU
		{30C32D74-6DC8-48AC-8F4B-2E5A2522B9DC}.Release|Any CPU.Build.0 = Release|Any CPU
		{FEDB6619-A1A1-4A94-AC18-70DFC81F8F16}.Debug|Any CPU.ActiveCfg = Debug|Any CPU
		{FEDB6619-A1A1-4A94-AC18-70DFC81F8F16}.Debug|Any CPU.Build.0 = Debug|Any CPU
		{FEDB6619-A1A1-4A94-AC18-70DFC81F8F16}.Release|Any CPU.ActiveCfg = Release|Any CPU
		{FEDB6619-A1A1-4A94-AC18-70DFC81F8F16}.Release|Any CPU.Build.0 = Release|Any CPU
	EndGlobalSection
	GlobalSection(SolutionProperties) = preSolution
		HideSolutionNode = FALSE
	EndGlobalSection
	GlobalSection(ExtensibilityGlobals) = postSolution
		SolutionGuid = {A5CC534E-233A-4104-AD00-7BB99207998C}
	EndGlobalSection
EndGlobal
